
Microsoft Visual Studio Solution File, Format Version 12.00
# Visual Studio 15
VisualStudioVersion = 15.0.27428.1
MinimumVisualStudioVersion = 10.0.40219.1
Project("{FAE04EC0-301F-11D3-BF4B-00C04F79EFBC}") = "JRPG", "JRPG\JRPG.csproj", "{C4F06880-46A6-4923-B18F-13753C86A858}"
EndProject
Global
	GlobalSection(SolutionConfigurationPlatforms) = preSolution
		Debug|x86 = Debug|x86
		Release|x86 = Release|x86
	EndGlobalSection
	GlobalSection(ProjectConfigurationPlatforms) = postSolution
		{C4F06880-46A6-4923-B18F-13753C86A858}.Debug|x86.ActiveCfg = Debug|x86
		{C4F06880-46A6-4923-B18F-13753C86A858}.Debug|x86.Build.0 = Debug|x86
		{C4F06880-46A6-4923-B18F-13753C86A858}.Release|x86.ActiveCfg = Release|x86
		{C4F06880-46A6-4923-B18F-13753C86A858}.Release|x86.Build.0 = Release|x86
	EndGlobalSection
	GlobalSection(SolutionProperties) = preSolution
		HideSolutionNode = FALSE
	EndGlobalSection
	GlobalSection(ExtensibilityGlobals) = postSolution
		SolutionGuid = {DF50C995-183F-48CB-B85E-324242DD44A1}
	EndGlobalSection
EndGlobal
